
Microsoft Visual Studio Solution File, Format Version 12.00
# Visual Studio Version 17
VisualStudioVersion = 17.14.37710.0 d17.14
MinimumVisualStudioVersion = 10.0.40219.1
Project("{FAE04EC0-301F-11D3-BF4B-00C04F79EFBC}") = "StudentManagement_WF", "StudentManagement_WF.csproj", "{439B41D5-A9F1-412C-B582-1CD6A765579F}"
EndProject
Global
	GlobalSection(SolutionConfigurationPlatforms) = preSolution
		Debug|Any CPU = Debug|Any CPU
		Release|Any CPU = Release|Any CPU
	EndGlobalSection
	GlobalSection(ProjectConfigurationPlatforms) = postSolution
		{439B41D5-A9F1-412C-B582-1CD6A765579F}.Debug|Any CPU.ActiveCfg = Debug|Any CPU
		{439B41D5-A9F1-412C-B582-1CD6A765579F}.Debug|Any CPU.Build.0 = Debug|Any CPU
		{439B41D5-A9F1-412C-B582-1CD6A765579F}.Release|Any CPU.ActiveCfg = Release|Any CPU
		{439B41D5-A9F1-412C-B582-1CD6A765579F}.Release|Any CPU.Build.0 = Release|Any CPU
	EndGlobalSection
	GlobalSection(SolutionProperties) = preSolution
		HideSolutionNode = FALSE
	EndGlobalSection
	GlobalSection(ExtensibilityGlobals) = postSolution
		SolutionGuid = {ED4162BD-1C13-4FB8-B52A-373B2F0EC221}
	EndGlobalSection
EndGlobal
